
Microsoft Visual Studio Solution File, Format Version 12.00
# Visual Studio 15
VisualStudioVersion = 15.0.27413.0
MinimumVisualStudioVersion = 10.0.40219.1
Project("{FAE04EC0-301F-11D3-BF4B-00C04F79EFBC}") = "ConfigurationSample", "ConfigurationSample\ConfigurationSample.csproj", "{B7509D6E-92F6-46D2-AC1A-B4DBDB0E18FC}"
EndProject
Global
	GlobalSection(SolutionConfigurationPlatforms) = preSolution
		Debug|Any CPU = Debug|Any CPU
		Release|Any CPU = Release|Any CPU
	EndGlobalSection
	GlobalSection(ProjectConfigurationPlatforms) = postSolution
		{B7509D6E-92F6-46D2-AC1A-B4DBDB0E18FC}.Debug|Any CPU.ActiveCfg = Debug|Any CPU
		{B7509D6E-92F6-46D2-AC1A-B4DBDB0E18FC}.Debug|Any CPU.Build.0 = Debug|Any CPU
		{B7509D6E-92F6-46D2-AC1A-B4DBDB0E18FC}.Release|Any CPU.ActiveCfg = Release|Any CPU
		{B7509D6E-92F6-46D2-AC1A-B4DBDB0E18FC}.Release|Any CPU.Build.0 = Release|Any CPU
	EndGlobalSection
	GlobalSection(SolutionProperties) = preSolution
		HideSolutionNode = FALSE
	EndGlobalSection
	GlobalSection(ExtensibilityGlobals) = postSolution
		SolutionGuid = {F38C9B74-E6FF-4C3F-8278-4196FA0A1C64}
	EndGlobalSection
EndGlobal
